// !$*UTF8*$!
{
	archiveVersion = 1;
	classes = {
	};
	objectVersion = 46;
	objects = {

/* Begin PBXBuildFile section */
		22B3ECBB1C292D76008BF87A /* AppDelegate.swift in Sources */ = {isa = PBXBuildFile; fileRef = 22B3ECBA1C292D76008BF87A /* AppDelegate.swift */; };
		22B3ECBD1C292D76008BF87A /* ViewController.swift in Sources */ = {isa = PBXBuildFile; fileRef = 22B3ECBC1C292D76008BF87A /* ViewController.swift */; };
		22B3ECC01C292D76008BF87A /* Main.storyboard in Resources */ = {isa = PBXBuildFile; fileRef = 22B3ECBE1C292D76008BF87A /* Main.storyboard */; };
		22B3ECC21C292D76008BF87A /* Assets.xcassets in Resources */ = {isa = PBXBuildFile; fileRef = 22B3ECC11C292D76008BF87A /* Assets.xcassets */; };
		22B3ECC51C292D76008BF87A /* LaunchScreen.storyboard in Resources */ = {isa = PBXBuildFile; fileRef = 22B3ECC31C292D76008BF87A /* LaunchScreen.storyboard */; };
		22B3ECD01C292D76008BF87A /* TinderActionTests.swift in Sources */ = {isa = PBXBuildFile; fileRef = 22B3ECCF1C292D76008BF87A /* TinderActionTests.swift */; };
		22B3ECDB1C292D77008BF87A /* TinderActionUITests.swift in Sources */ = {isa = PBXBuildFile; fileRef = 22B3ECDA1C292D77008BF87A /* TinderActionUITests.swift */; };
/* End PBXBuildFile section */

/* Begin PBXContainerItemProxy section */
		22B3ECCC1C292D76008BF87A /* PBXContainerItemProxy */ = {
			isa = PBXContainerItemProxy;
			containerPortal = 22B3ECAF1C292D76008BF87A /* Project object */;
			proxyType = 1;
			remoteGlobalIDString = 22B3ECB61C292D76008BF87A;
			remoteInfo = TinderAction;
		};
		22B3ECD71C292D77008BF87A /* PBXContainerItemProxy */ = {
			isa = PBXContainerItemProxy;
			containerPortal = 22B3ECAF1C292D76008BF87A /* Project object */;
			proxyType = 1;
			remoteGlobalIDString = 22B3ECB61C292D76008BF87A;
			remoteInfo = TinderAction;
		};
/* End PBXContainerItemProxy section */

/* Begin PBXFileReference section */
		22B3ECB71C292D76008BF87A /* TinderAction.app */ = {isa = PBXFileReference; explicitFileType = wrapper.application; includeInIndex = 0; path = TinderAction.app; sourceTree = BUILT_PRODUCTS_DIR; };
		22B3ECBA1C292D76008BF87A /* AppDelegate.swift */ = {isa = PBXFileReference; lastKnownFileType = sourcecode.swift; path = AppDelegate.swift; sourceTree = "<group>"; };
		22B3ECBC1C292D76008BF87A /* ViewController.swift */ = {isa = PBXFileReference; lastKnownFileType = sourcecode.swift; path = ViewController.swift; sourceTree = "<group>"; };
		22B3ECBF1C292D76008BF87A /* Base */ = {isa = PBXFileReference; lastKnownFileType = file.storyboard; name = Base; path = Base.lproj/Main.storyboard; sourceTree = "<group>"; };
		22B3ECC11C292D76008BF87A /* Assets.xcassets */ = {isa = PBXFileReference; lastKnownFileType = folder.assetcatalog; path = Assets.xcassets; sourceTree = "<group>"; };
		22B3ECC41C292D76008BF87A /* Base */ = {isa = PBXFileReference; lastKnownFileType = file.storyboard; name = Base; path = Base.lproj/LaunchScreen.storyboard; sourceTree = "<group>"; };
		22B3ECC61C292D76008BF87A /* Info.plist */ = {isa = PBXFileReference; lastKnownFileType = text.plist.xml; path = Info.plist; sourceTree = "<group>"; };
		22B3ECCB1C292D76008BF87A /* TinderActionTests.xctest */ = {isa = PBXFileReference; explicitFileType = wrapper.cfbundle; includeInIndex = 0; path = TinderActionTests.xctest; sourceTree = BUILT_PRODUCTS_DIR; };
		22B3ECCF1C292D76008BF87A /* TinderActionTests.swift */ = {isa = PBXFileReference; lastKnownFileType = sourcecode.swift; path = TinderActionTests.swift; sourceTree = "<group>"; };
		22B3ECD11C292D76008BF87A /* Info.plist */ = {isa = PBXFileReference; lastKnownFileType = text.plist.xml; path = Info.plist; sourceTree = "<group>"; };
		22B3ECD61C292D77008BF87A /* TinderActionUITests.xctest */ = {isa = PBXFileReference; explicitFileType = wrapper.cfbundle; includeInIndex = 0; path = TinderActionUITests.xctest; sourceTree = BUILT_PRODUCTS_DIR; };
		22B3ECDA1C292D77008BF87A /* TinderActionUITests.swift */ = {isa = PBXFileReference; lastKnownFileType = sourcecode.swift; path = TinderActionUITests.swift; sourceTree = "<group>"; };
		22B3ECDC1C292D77008BF87A /* Info.plist */ = {isa = PBXFileReference; lastKnownFileType = text.plist.xml; path = Info.plist; sourceTree = "<group>"; };
/* End PBXFileReference section */

/* Begin PBXFrameworksBuildPhase section */
		22B3ECB41C292D76008BF87A /* Frameworks */ = {
			isa = PBXFrameworksBuildPhase;
			buildActionMask = 2147483647;
			files = (
			);
			runOnlyForDeploymentPostprocessing = 0;
		};
		22B3ECC81C292D76008BF87A /* Frameworks */ = {
			isa = PBXFrameworksBuildPhase;
			buildActionMask = 2147483647;
			files = (
			);
			runOnlyForDeploymentPostprocessing = 0;
		};
		22B3ECD31C292D77008BF87A /* Frameworks */ = {
			isa = PBXFrameworksBuildPhase;
			buildActionMask = 2147483647;
			files = (
			);
			runOnlyForDeploymentPostprocessing = 0;
		};
/* End PBXFrameworksBuildPhase section */

/* Begin PBXGroup section */
		22B3ECAE1C292D76008BF87A = {
			isa = PBXGroup;
			children = (
				22B3ECB91C292D76008BF87A /* TinderAction */,
				22B3ECCE1C292D76008BF87A /* TinderActionTests */,
				22B3ECD91C292D77008BF87A /* TinderActionUITests */,
				22B3ECB81C292D76008BF87A /* Products */,
			);
			sourceTree = "<group>";
		};
		22B3ECB81C292D76008BF87A /* Products */ = {
			isa = PBXGroup;
			children = (
				22B3ECB71C292D76008BF87A /* TinderAction.app */,
				22B3ECCB1C292D76008BF87A /* TinderActionTests.xctest */,
				22B3ECD61C292D77008BF87A /* TinderActionUITests.xctest */,
			);
			name = Products;
			sourceTree = "<group>";
		};
		22B3ECB91C292D76008BF87A /* TinderAction */ = {
			isa = PBXGroup;
			children = (
				22B3ECBA1C292D76008BF87A /* AppDelegate.swift */,
				22B3ECBC1C292D76008BF87A /* ViewController.swift */,
				22B3ECBE1C292D76008BF87A /* Main.storyboard */,
				22B3ECC11C292D76008BF87A /* Assets.xcassets */,
				22B3ECC31C292D76008BF87A /* LaunchScreen.storyboard */,
				22B3ECC61C292D76008BF87A /* Info.plist */,
			);
			path = TinderAction;
			sourceTree = "<group>";
		};
		22B3ECCE1C292D76008BF87A /* TinderActionTests */ = {
			isa = PBXGroup;
			children = (
				22B3ECCF1C292D76008BF87A /* TinderActionTests.swift */,
				22B3ECD11C292D76008BF87A /* Info.plist */,
			);
			path = TinderActionTests;
			sourceTree = "<group>";
		};
		22B3ECD91C292D77008BF87A /* TinderActionUITests */ = {
			isa = PBXGroup;
			children = (
				22B3ECDA1C292D77008BF87A /* TinderActionUITests.swift */,
				22B3ECDC1C292D77008BF87A /* Info.plist */,
			);
			path = TinderActionUITests;
			sourceTree = "<group>";
		};
/* End PBXGroup section */

/* Begin PBXNativeTarget section */
		22B3ECB61C292D76008BF87A /* TinderAction */ = {
			isa = PBXNativeTarget;
			buildConfigurationList = 22B3ECDF1C292D77008BF87A /* Build configuration list for PBXNativeTarget "TinderAction" */;
			buildPhases = (
				22B3ECB31C292D76008BF87A /* Sources */,
				22B3ECB41C292D76008BF87A /* Frameworks */,
				22B3ECB51C292D76008BF87A /* Resources */,
			);
			buildRules = (
			);
			dependencies = (
			);
			name = TinderAction;
			productName = TinderAction;
			productReference = 22B3ECB71C292D76008BF87A /* TinderAction.app */;
			productType = "com.apple.product-type.application";
		};
		22B3ECCA1C292D76008BF87A /* TinderActionTests */ = {
			isa = PBXNativeTarget;
			buildConfigurationList = 22B3ECE21C292D77008BF87A /* Build configuration list for PBXNativeTarget "TinderActionTests" */;
			buildPhases = (
				22B3ECC71C292D76008BF87A /* Sources */,
				22B3ECC81C292D76008BF87A /* Frameworks */,
				22B3ECC91C292D76008BF87A /* Resources */,
			);
			buildRules = (
			);
			dependencies = (
				22B3ECCD1C292D76008BF87A /* PBXTargetDependency */,
			);
			name = TinderActionTests;
			productName = TinderActionTests;
			productReference = 22B3ECCB1C292D76008BF87A /* TinderActionTests.xctest */;
			productType = "com.apple.product-type.bundle.unit-test";
		};
		22B3ECD51C292D77008BF87A /* TinderActionUITests */ = {
			isa = PBXNativeTarget;
			buildConfigurationList = 22B3ECE51C292D77008BF87A /* Build configuration list for PBXNativeTarget "TinderActionUITests" */;
			buildPhases = (
				22B3ECD21C292D77008BF87A /* Sources */,
				22B3ECD31C292D77008BF87A /* Frameworks */,
				22B3ECD41C292D77008BF87A /* Resources */,
			);
			buildRules = (
			);
			dependencies = (
				22B3ECD81C292D77008BF87A /* PBXTargetDependency */,
			);
			name = TinderActionUITests;
			productName = TinderActionUITests;
			productReference = 22B3ECD61C292D77008BF87A /* TinderActionUITests.xctest */;
			productType = "com.apple.product-type.bundle.ui-testing";
		};
/* End PBXNativeTarget section */

/* Begin PBXProject section */
		22B3ECAF1C292D76008BF87A /* Project object */ = {
			isa = PBXProject;
			attributes = {
				LastSwiftUpdateCheck = 0720;
				LastUpgradeCheck = 0720;
				ORGANIZATIONNAME = beyond2021;
				TargetAttributes = {
					22B3ECB61C292D76008BF87A = {
						CreatedOnToolsVersion = 7.2;
					};
					22B3ECCA1C292D76008BF87A = {
						CreatedOnToolsVersion = 7.2;
						TestTargetID = 22B3ECB61C292D76008BF87A;
					};
					22B3ECD51C292D77008BF87A = {
						CreatedOnToolsVersion = 7.2;
						TestTargetID = 22B3ECB61C292D76008BF87A;
					};
				};
			};
			buildConfigurationList = 22B3ECB21C292D76008BF87A /* Build configuration list for PBXProject "TinderAction" */;
			compatibilityVersion = "Xcode 3.2";
			developmentRegion = English;
			hasScannedForEncodings = 0;
			knownRegions = (
				en,
				Base,
			);
			mainGroup = 22B3ECAE1C292D76008BF87A;
			productRefGroup = 22B3ECB81C292D76008BF87A /* Products */;
			projectDirPath = "";
			projectRoot = "";
			targets = (
				22B3ECB61C292D76008BF87A /* TinderAction */,
				22B3ECCA1C292D76008BF87A /* TinderActionTests */,
				22B3ECD51C292D77008BF87A /* TinderActionUITests */,
			);
		};
/* End PBXProject section */

/* Begin PBXResourcesBuildPhase section */
		22B3ECB51C292D76008BF87A /* Resources */ = {
			isa = PBXResourcesBuildPhase;
			buildActionMask = 2147483647;
			files = (
				22B3ECC51C292D76008BF87A /* LaunchScreen.storyboard in Resources */,
				22B3ECC21C292D76008BF87A /* Assets.xcassets in Resources */,
				22B3ECC01C292D76008BF87A /* Main.storyboard in Resources */,
			);
			runOnlyForDeploymentPostprocessing = 0;
		};
		22B3ECC91C292D76008BF87A /* Resources */ = {
			isa = PBXResourcesBuildPhase;
			buildActionMask = 2147483647;
			files = (
			);
			runOnlyForDeploymentPostprocessing = 0;
		};
		22B3ECD41C292D77008BF87A /* Resources */ = {
			isa = PBXResourcesBuildPhase;
			buildActionMask = 2147483647;
			files = (
			);
			runOnlyForDeploymentPostprocessing = 0;
		};
/* End PBXResourcesBuildPhase section */

/* Begin PBXSourcesBuildPhase section */
		22B3ECB31C292D76008BF87A /* Sources */ = {
			isa = PBXSourcesBuildPhase;
			buildActionMask = 2147483647;
			files = (
				22B3ECBD1C292D76008BF87A /* ViewController.swift in Sources */,
				22B3ECBB1C292D76008BF87A /* AppDelegate.swift in Sources */,
			);
			runOnlyForDeploymentPostprocessing = 0;
		};
		22B3ECC71C292D76008BF87A /* Sources */ = {
			isa = PBXSourcesBuildPhase;
			buildActionMask = 2147483647;
			files = (
				22B3ECD01C292D76008BF87A /* TinderActionTests.swift in Sources */,
			);
			runOnlyForDeploymentPostprocessing = 0;
		};
		22B3ECD21C292D77008BF87A /* Sources */ = {
			isa = PBXSourcesBuildPhase;
			buildActionMask = 2147483647;
			files = (
				22B3ECDB1C292D77008BF87A /* TinderActionUITests.swift in Sources */,
			);
			runOnlyForDeploymentPostprocessing = 0;
		};
/* End PBXSourcesBuildPhase section */

/* Begin PBXTargetDependency section */
		22B3ECCD1C292D76008BF87A /* PBXTargetDependency */ = {
			isa = PBXTargetDependency;
			target = 22B3ECB61C292D76008BF87A /* TinderAction */;
			targetProxy = 22B3ECCC1C292D76008BF87A /* PBXContainerItemProxy */;
		};
		22B3ECD81C292D77008BF87A /* PBXTargetDependency */ = {
			isa = PBXTargetDependency;
			target = 22B3ECB61C292D76008BF87A /* TinderAction */;
			targetProxy = 22B3ECD71C292D77008BF87A /* PBXContainerItemProxy */;
		};
/* End PBXTargetDependency section */

/* Begin PBXVariantGroup section */
		22B3ECBE1C292D76008BF87A /* Main.storyboard */ = {
			isa = PBXVariantGroup;
			children = (
				22B3ECBF1C292D76008BF87A /* Base */,
			);
			name = Main.storyboard;
			sourceTree = "<group>";
		};
		22B3ECC31C292D76008BF87A /* LaunchScreen.storyboard */ = {
			isa = PBXVariantGroup;
			children = (
				22B3ECC41C292D76008BF87A /* Base */,
			);
			name = LaunchScreen.storyboard;
			sourceTree = "<group>";
		};
/* End PBXVariantGroup section */

/* Begin XCBuildConfiguration section */
		22B3ECDD1C292D77008BF87A /* Debug */ = {
			isa = XCBuildConfiguration;
			buildSettings = {
				ALWAYS_SEARCH_USER_PATHS = NO;
				CLANG_CXX_LANGUAGE_STANDARD = "gnu++0x";
				CLANG_CXX_LIBRARY = "libc++";
				CLANG_ENABLE_MODULES = YES;
				CLANG_ENABLE_OBJC_ARC = YES;
				CLANG_WARN_BOOL_CONVERSION = YES;
				CLANG_WARN_CONSTANT_CONVERSION = YES;
				CLANG_WARN_DIRECT_OBJC_ISA_USAGE = YES_ERROR;
				CLANG_WARN_EMPTY_BODY = YES;
				CLANG_WARN_ENUM_CONVERSION = YES;
				CLANG_WARN_INT_CONVERSION = YES;
				CLANG_WARN_OBJC_ROOT_CLASS = YES_ERROR;
				CLANG_WARN_UNREACHABLE_CODE = YES;
				CLANG_WARN__DUPLICATE_METHOD_MATCH = YES;
				"CODE_SIGN_IDENTITY[sdk=iphoneos*]" = "iPhone Developer";
				COPY_PHASE_STRIP = NO;
				DEBUG_INFORMATION_FORMAT = dwarf;
				ENABLE_STRICT_OBJC_MSGSEND = YES;
				ENABLE_TESTABILITY = YES;
				GCC_C_LANGUAGE_STANDARD = gnu99;
				GCC_DYNAMIC_NO_PIC = NO;
				GCC_NO_COMMON_BLOCKS = YES;
				GCC_OPTIMIZATION_LEVEL = 0;
				GCC_PREPROCESSOR_DEFINITIONS = (
					"DEBUG=1",
					"$(inherited)",
				);
				GCC_WARN_64_TO_32_BIT_CONVERSION = YES;
				GCC_WARN_ABOUT_RETURN_TYPE = YES_ERROR;
				GCC_WARN_UNDECLARED_SELECTOR = YES;
				GCC_WARN_UNINITIALIZED_AUTOS = YES_AGGRESSIVE;
				GCC_WARN_UNUSED_FUNCTION = YES;
				GCC_WARN_UNUSED_VARIABLE = YES;
				IPHONEOS_DEPLOYMENT_TARGET = 9.2;
				MTL_ENABLE_DEBUG_INFO = YES;
				ONLY_ACTIVE_ARCH = YES;
				SDKROOT = iphoneos;
				SWIFT_OPTIMIZATION_LEVEL = "-Onone";
			};
			name = Debug;
		};
		22B3ECDE1C292D77008BF87A /* Release */ = {
			isa = XCBuildConfiguration;
			buildSettings = {
				ALWAYS_SEARCH_USER_PATHS = NO;
				CLANG_CXX_LANGUAGE_STANDARD = "gnu++0x";
				CLANG_CXX_LIBRARY = "libc++";
				CLANG_ENABLE_MODULES = YES;
				CLANG_ENABLE_OBJC_ARC = YES;
				CLANG_WARN_BOOL_CONVERSION = YES;
				CLANG_WARN_CONSTANT_CONVERSION = YES;
				CLANG_WARN_DIRECT_OBJC_ISA_USAGE = YES_ERROR;
				CLANG_WARN_EMPTY_BODY = YES;
				CLANG_WARN_ENUM_CONVERSION = YES;
				CLANG_WARN_INT_CONVERSION = YES;
				CLANG_WARN_OBJC_ROOT_CLASS = YES_ERROR;
				CLANG_WARN_UNREACHABLE_CODE = YES;
				CLANG_WARN__DUPLICATE_METHOD_MATCH = YES;
				"CODE_SIGN_IDENTITY[sdk=iphoneos*]" = "iPhone Developer";
				COPY_PHASE_STRIP = NO;
				DEBUG_INFORMATION_FORMAT = "dwarf-with-dsym";
				ENABLE_NS_ASSERTIONS = NO;
				ENABLE_STRICT_OBJC_MSGSEND = YES;
				GCC_C_LANGUAGE_STANDARD = gnu99;
				GCC_NO_COMMON_BLOCKS = YES;
				GCC_WARN_64_TO_32_BIT_CONVERSION = YES;
				GCC_WARN_ABOUT_RETURN_TYPE = YES_ERROR;
				GCC_WARN_UNDECLARED_SELECTOR = YES;
				GCC_WARN_UNINITIALIZED_AUTOS = YES_AGGRESSIVE;
				GCC_WARN_UNUSED_FUNCTION = YES;
				GCC_WARN_UNUSED_VARIABLE = YES;
				IPHONEOS_DEPLOYMENT_TARGET = 9.2;
				MTL_ENABLE_DEBUG_INFO = NO;
				SDKROOT = iphoneos;
				VALIDATE_PRODUCT = YES;
			};
			name = Release;
		};
		22B3ECE01C292D77008BF87A /* Debug */ = {
			isa = XCBuildConfiguration;
			buildSettings = {
				ASSETCATALOG_COMPILER_APPICON_NAME = AppIcon;
				INFOPLIST_FILE = TinderAction/Info.plist;
				LD_RUNPATH_SEARCH_PATHS = "$(inherited) @executable_path/Frameworks";
				PRODUCT_BUNDLE_IDENTIFIER = com.beyond2021.TinderAction;
				PRODUCT_NAME = "$(TARGET_NAME)";
			};
			name = Debug;
		};
		22B3ECE11C292D77008BF87A /* Release */ = {
			isa = XCBuildConfiguration;
			buildSettings = {
				ASSETCATALOG_COMPILER_APPICON_NAME = AppIcon;
				INFOPLIST_FILE = TinderAction/Info.plist;
				LD_RUNPATH_SEARCH_PATHS = "$(inherited) @executable_path/Frameworks";
				PRODUCT_BUNDLE_IDENTIFIER = com.beyond2021.TinderAction;
				PRODUCT_NAME = "$(TARGET_NAME)";
			};
			name = Release;
		};
		22B3ECE31C292D77008BF87A /* Debug */ = {
			isa = XCBuildConfiguration;
			buildSettings = {
				BUNDLE_LOADER = "$(TEST_HOST)";
				INFOPLIST_FILE = TinderActionTests/Info.plist;
				LD_RUNPATH_SEARCH_PATHS = "$(inherited) @executable_path/Frameworks @loader_path/Frameworks";
				PRODUCT_BUNDLE_IDENTIFIER = com.beyond2021.TinderActionTests;
				PRODUCT_NAME = "$(TARGET_NAME)";
				TEST_HOST = "$(BUILT_PRODUCTS_DIR)/TinderAction.app/TinderAction";
			};
			name = Debug;
		};
		22B3ECE41C292D77008BF87A /* Release */ = {
			isa = XCBuildConfiguration;
			buildSettings = {
				BUNDLE_LOADER = "$(TEST_HOST)";
				INFOPLIST_FILE = TinderActionTests/Info.plist;
				LD_RUNPATH_SEARCH_PATHS = "$(inherited) @executable_path/Frameworks @loader_path/Frameworks";
				PRODUCT_BUNDLE_IDENTIFIER = com.beyond2021.TinderActionTests;
				PRODUCT_NAME = "$(TARGET_NAME)";
				TEST_HOST = "$(BUILT_PRODUCTS_DIR)/TinderAction.app/TinderAction";
			};
			name = Release;
		};
		22B3ECE61C292D77008BF87A /* Debug */ = {
			isa = XCBuildConfiguration;
			buildSettings = {
				INFOPLIST_FILE = TinderActionUITests/Info.plist;
				LD_RUNPATH_SEARCH_PATHS = "$(inherited) @executable_path/Frameworks @loader_path/Frameworks";
				PRODUCT_BUNDLE_IDENTIFIER = com.beyond2021.TinderActionUITests;
				PRODUCT_NAME = "$(TARGET_NAME)";
				TEST_TARGET_NAME = TinderAction;
				USES_XCTRUNNER = YES;
			};
			name = Debug;
		};
		22B3ECE71C292D77008BF87A /* Release */ = {
			isa = XCBuildConfiguration;
			buildSettings = {
				INFOPLIST_FILE = TinderActionUITests/Info.plist;
				LD_RUNPATH_SEARCH_PATHS = "$(inherited) @executable_path/Frameworks @loader_path/Frameworks";
				PRODUCT_BUNDLE_IDENTIFIER = com.beyond2021.TinderActionUITests;
				PRODUCT_NAME = "$(TARGET_NAME)";
				TEST_TARGET_NAME = TinderAction;
				USES_XCTRUNNER = YES;
			};
			name = Release;
		};
/* End XCBuildConfiguration section */

/* Begin XCConfigurationList section */
		22B3ECB21C292D76008BF87A /* Build configuration list for PBXProject "TinderAction" */ = {
			isa = XCConfigurationList;
			buildConfigurations = (
				22B3ECDD1C292D77008BF87A /* Debug */,
				22B3ECDE1C292D77008BF87A /* Release */,
			);
			defaultConfigurationIsVisible = 0;
			defaultConfigurationName = Release;
		};
		22B3ECDF1C292D77008BF87A /* Build configuration list for PBXNativeTarget "TinderAction" */ = {
			isa = XCConfigurationList;
			buildConfigurations = (
				22B3ECE01C292D77008BF87A /* Debug */,
				22B3ECE11C292D77008BF87A /* Release */,
			);
			defaultConfigurationIsVisible = 0;
		};
		22B3ECE21C292D77008BF87A /* Build configuration list for PBXNativeTarget "TinderActionTests" */ = {
			isa = XCConfigurationList;
			buildConfigurations = (
				22B3ECE31C292D77008BF87A /* Debug */,
				22B3ECE41C292D77008BF87A /* Release */,
			);
			defaultConfigurationIsVisible = 0;
		};
		22B3ECE51C292D77008BF87A /* Build configuration list for PBXNativeTarget "TinderActionUITests" */ = {
			isa = XCConfigurationList;
			buildConfigurations = (
				22B3ECE61C292D77008BF87A /* Debug */,
				22B3ECE71C292D77008BF87A /* Release */,
			);
			defaultConfigurationIsVisible = 0;
		};
/* End XCConfigurationList section */
	};
	rootObject = 22B3ECAF1C292D76008BF87A /* Project object */;
}
